
Microsoft Visual Studio Solution File, Format Version 12.00
# Visual Studio Version 16
VisualStudioVersion = 16.0.31911.196
MinimumVisualStudioVersion = 10.0.40219.1
Project("{FAE04EC0-301F-11D3-BF4B-00C04F79EFBC}") = "GridTutorial.Android", "GridTutorial.Android\GridTutorial.Android.csproj", "{6E7946D9-F5E0-4194-98F1-81EF812843DC}"
EndProject
Project("{FAE04EC0-301F-11D3-BF4B-00C04F79EFBC}") = "GridTutorial.iOS", "GridTutorial.iOS\GridTutorial.iOS.csproj", "{DED7B402-9003-4D2A-ADE6-AF986807C92B}"
EndProject
Project("{FAE04EC0-301F-11D3-BF4B-00C04F79EFBC}") = "GridTutorial", "GridTutorial\GridTutorial.csproj", "{B3AA783E-48CF-48F1-B3AB-C9FE78CBA204}"
EndProject
Global
	GlobalSection(SolutionConfigurationPlatforms) = preSolution
		Debug|Any CPU = Debug|Any CPU
		Debug|iPhone = Debug|iPhone
		Debug|iPhoneSimulator = Debug|iPhoneSimulator
		Release|Any CPU = Release|Any CPU
		Release|iPhone = Release|iPhone
		Release|iPhoneSimulator = Release|iPhoneSimulator
	EndGlobalSection
	GlobalSection(ProjectConfigurationPlatforms) = postSolution
		{6E7946D9-F5E0-4194-98F1-81EF812843DC}.Debug|Any CPU.ActiveCfg = Debug|Any CPU
		{6E7946D9-F5E0-4194-98F1-81EF812843DC}.Debug|Any CPU.Build.0 = Debug|Any CPU
		{6E7946D9-F5E0-4194-98F1-81EF812843DC}.Debug|Any CPU.Deploy.0 = Debug|Any CPU
		{6E7946D9-F5E0-4194-98F1-81EF812843DC}.Debug|iPhone.ActiveCfg = Debug|Any CPU
		{6E7946D9-F5E0-4194-98F1-81EF812843DC}.Debug|iPhone.Build.0 = Debug|Any CPU
		{6E7946D9-F5E0-4194-98F1-81EF812843DC}.Debug|iPhone.Deploy.0 = Debug|Any CPU
		{6E7946D9-F5E0-4194-98F1-81EF812843DC}.Debug|iPhoneSimulator.ActiveCfg = Debug|Any CPU
		{6E7946D9-F5E0-4194-98F1-81EF812843DC}.Debug|iPhoneSimulator.Build.0 = Debug|Any CPU
		{6E7946D9-F5E0-4194-98F1-81EF812843DC}.Debug|iPhoneSimulator.Deploy.0 = Debug|Any CPU
		{6E7946D9-F5E0-4194-98F1-81EF812843DC}.Release|Any CPU.ActiveCfg = Release|Any CPU
		{6E7946D9-F5E0-4194-98F1-81EF812843DC}.Release|Any CPU.Build.0 = Release|Any CPU
		{6E7946D9-F5E0-4194-98F1-81EF812843DC}.Release|Any CPU.Deploy.0 = Release|Any CPU
		{6E7946D9-F5E0-4194-98F1-81EF812843DC}.Release|iPhone.ActiveCfg = Release|Any CPU
		{6E7946D9-F5E0-4194-98F1-81EF812843DC}.Release|iPhone.Build.0 = Release|Any CPU
		{6E7946D9-F5E0-4194-98F1-81EF812843DC}.Release|iPhone.Deploy.0 = Release|Any CPU
		{6E7946D9-F5E0-4194-98F1-81EF812843DC}.Release|iPhoneSimulator.ActiveCfg = Release|Any CPU
		{6E7946D9-F5E0-4194-98F1-81EF812843DC}.Release|iPhoneSimulator.Build.0 = Release|Any CPU
		{6E7946D9-F5E0-4194-98F1-81EF812843DC}.Release|iPhoneSimulator.Deploy.0 = Release|Any CPU
		{DED7B402-9003-4D2A-ADE6-AF986807C92B}.Debug|Any CPU.ActiveCfg = Debug|iPhone
		{DED7B402-9003-4D2A-ADE6-AF986807C92B}.Debug|Any CPU.Build.0 = Debug|iPhone
		{DED7B402-9003-4D2A-ADE6-AF986807C92B}.Debug|Any CPU.Deploy.0 = Debug|iPhone
		{DED7B402-9003-4D2A-ADE6-AF986807C92B}.Debug|iPhone.ActiveCfg = Debug|iPhone
		{DED7B402-9003-4D2A-ADE6-AF986807C92B}.Debug|iPhone.Build.0 = Debug|iPhone
		{DED7B402-9003-4D2A-ADE6-AF986807C92B}.Debug|iPhone.Deploy.0 = Debug|iPhone
		{DED7B402-9003-4D2A-ADE6-AF986807C92B}.Debug|iPhoneSimulator.ActiveCfg = Debug|iPhoneSimulator
		{DED7B402-9003-4D2A-ADE6-AF986807C92B}.Debug|iPhoneSimulator.Build.0 = Debug|iPhoneSimulator
		{DED7B402-9003-4D2A-ADE6-AF986807C92B}.Debug|iPhoneSimulator.Deploy.0 = Debug|iPhoneSimulator
		{DED7B402-9003-4D2A-ADE6-AF986807C92B}.Release|Any CPU.ActiveCfg = Release|iPhoneSimulator
		{DED7B402-9003-4D2A-ADE6-AF986807C92B}.Release|Any CPU.Build.0 = Release|iPhoneSimulator
		{DED7B402-9003-4D2A-ADE6-AF986807C92B}.Release|Any CPU.Deploy.0 = Release|iPhoneSimulator
		{DED7B402-9003-4D2A-ADE6-AF986807C92B}.Release|iPhone.ActiveCfg = Release|iPhone
		{DED7B402-9003-4D2A-ADE6-AF986807C92B}.Release|iPhone.Build.0 = Release|iPhone
		{DED7B402-9003-4D2A-ADE6-AF986807C92B}.Release|iPhone.Deploy.0 = Release|iPhone
		{DED7B402-9003-4D2A-ADE6-AF986807C92B}.Release|iPhoneSimulator.ActiveCfg = Release|iPhoneSimulator
		{DED7B402-9003-4D2A-ADE6-AF986807C92B}.Release|iPhoneSimulator.Build.0 = Release|iPhoneSimulator
		{DED7B402-9003-4D2A-ADE6-AF986807C92B}.Release|iPhoneSimulator.Deploy.0 = Release|iPhoneSimulator
		{B3AA783E-48CF-48F1-B3AB-C9FE78CBA204}.Debug|Any CPU.ActiveCfg = Debug|Any CPU
		{B3AA783E-48CF-48F1-B3AB-C9FE78CBA204}.Debug|Any CPU.Build.0 = Debug|Any CPU
		{B3AA783E-48CF-48F1-B3AB-C9FE78CBA204}.Debug|Any CPU.Deploy.0 = Debug|Any CPU
		{B3AA783E-48CF-48F1-B3AB-C9FE78CBA204}.Debug|iPhone.ActiveCfg = Debug|Any CPU
		{B3AA783E-48CF-48F1-B3AB-C9FE78CBA204}.Debug|iPhone.Build.0 = Debug|Any CPU
		{B3AA783E-48CF-48F1-B3AB-C9FE78CBA204}.Debug|iPhone.Deploy.0 = Debug|Any CPU
		{B3AA783E-48CF-48F1-B3AB-C9FE78CBA204}.Debug|iPhoneSimulator.ActiveCfg = Debug|Any CPU
		{B3AA783E-48CF-48F1-B3AB-C9FE78CBA204}.Debug|iPhoneSimulator.Build.0 = Debug|Any CPU
		{B3AA783E-48CF-48F1-B3AB-C9FE78CBA204}.Debug|iPhoneSimulator.Deploy.0 = Debug|Any CPU
		{B3AA783E-48CF-48F1-B3AB-C9FE78CBA204}.Release|Any CPU.ActiveCfg = Release|Any CPU
		{B3AA783E-48CF-48F1-B3AB-C9FE78CBA204}.Release|Any CPU.Build.0 = Release|Any CPU
		{B3AA783E-48CF-48F1-B3AB-C9FE78CBA204}.Release|Any CPU.Deploy.0 = Release|Any CPU
		{B3AA783E-48CF-48F1-B3AB-C9FE78CBA204}.Release|iPhone.ActiveCfg = Release|Any CPU
		{B3AA783E-48CF-48F1-B3AB-C9FE78CBA204}.Release|iPhone.Build.0 = Release|Any CPU
		{B3AA783E-48CF-48F1-B3AB-C9FE78CBA204}.Release|iPhone.Deploy.0 = Release|Any CPU
		{B3AA783E-48CF-48F1-B3AB-C9FE78CBA204}.Release|iPhoneSimulator.ActiveCfg = Release|Any CPU
		{B3AA783E-48CF-48F1-B3AB-C9FE78CBA204}.Release|iPhoneSimulator.Build.0 = Release|Any CPU
		{B3AA783E-48CF-48F1-B3AB-C9FE78CBA204}.Release|iPhoneSimulator.Deploy.0 = Release|Any CPU
	EndGlobalSection
	GlobalSection(SolutionProperties) = preSolution
		HideSolutionNode = FALSE
	EndGlobalSection
	GlobalSection(ExtensibilityGlobals) = postSolution
		SolutionGuid = {B2C54F3F-9477-40B3-844C-4B1B4A2E1A19}
	EndGlobalSection
EndGlobal
