
Microsoft Visual Studio Solution File, Format Version 12.00
# Visual Studio Version 16
VisualStudioVersion = 16.0.31911.196
MinimumVisualStudioVersion = 10.0.40219.1
Project("{FAE04EC0-301F-11D3-BF4B-00C04F79EFBC}") = "CollectionViewTutorial.Android", "CollectionViewTutorial.Android\CollectionViewTutorial.Android.csproj", "{B7B4C7A2-A5DD-4554-BD44-2A15E45C7F0D}"
EndProject
Project("{FAE04EC0-301F-11D3-BF4B-00C04F79EFBC}") = "CollectionViewTutorial.iOS", "CollectionViewTutorial.iOS\CollectionViewTutorial.iOS.csproj", "{B993150E-2C16-476A-BDF1-662038D1C40D}"
EndProject
Project("{FAE04EC0-301F-11D3-BF4B-00C04F79EFBC}") = "CollectionViewTutorial", "CollectionViewTutorial\CollectionViewTutorial.csproj", "{3DA0AF3D-02A0-4D19-9120-609ABE705F1E}"
EndProject
Global
	GlobalSection(SolutionConfigurationPlatforms) = preSolution
		Debug|Any CPU = Debug|Any CPU
		Debug|iPhone = Debug|iPhone
		Debug|iPhoneSimulator = Debug|iPhoneSimulator
		Release|Any CPU = Release|Any CPU
		Release|iPhone = Release|iPhone
		Release|iPhoneSimulator = Release|iPhoneSimulator
	EndGlobalSection
	GlobalSection(ProjectConfigurationPlatforms) = postSolution
		{B7B4C7A2-A5DD-4554-BD44-2A15E45C7F0D}.Debug|Any CPU.ActiveCfg = Debug|Any CPU
		{B7B4C7A2-A5DD-4554-BD44-2A15E45C7F0D}.Debug|Any CPU.Build.0 = Debug|Any CPU
		{B7B4C7A2-A5DD-4554-BD44-2A15E45C7F0D}.Debug|Any CPU.Deploy.0 = Debug|Any CPU
		{B7B4C7A2-A5DD-4554-BD44-2A15E45C7F0D}.Debug|iPhone.ActiveCfg = Debug|Any CPU
		{B7B4C7A2-A5DD-4554-BD44-2A15E45C7F0D}.Debug|iPhone.Build.0 = Debug|Any CPU
		{B7B4C7A2-A5DD-4554-BD44-2A15E45C7F0D}.Debug|iPhone.Deploy.0 = Debug|Any CPU
		{B7B4C7A2-A5DD-4554-BD44-2A15E45C7F0D}.Debug|iPhoneSimulator.ActiveCfg = Debug|Any CPU
		{B7B4C7A2-A5DD-4554-BD44-2A15E45C7F0D}.Debug|iPhoneSimulator.Build.0 = Debug|Any CPU
		{B7B4C7A2-A5DD-4554-BD44-2A15E45C7F0D}.Debug|iPhoneSimulator.Deploy.0 = Debug|Any CPU
		{B7B4C7A2-A5DD-4554-BD44-2A15E45C7F0D}.Release|Any CPU.ActiveCfg = Release|Any CPU
		{B7B4C7A2-A5DD-4554-BD44-2A15E45C7F0D}.Release|Any CPU.Build.0 = Release|Any CPU
		{B7B4C7A2-A5DD-4554-BD44-2A15E45C7F0D}.Release|Any CPU.Deploy.0 = Release|Any CPU
		{B7B4C7A2-A5DD-4554-BD44-2A15E45C7F0D}.Release|iPhone.ActiveCfg = Release|Any CPU
		{B7B4C7A2-A5DD-4554-BD44-2A15E45C7F0D}.Release|iPhone.Build.0 = Release|Any CPU
		{B7B4C7A2-A5DD-4554-BD44-2A15E45C7F0D}.Release|iPhone.Deploy.0 = Release|Any CPU
		{B7B4C7A2-A5DD-4554-BD44-2A15E45C7F0D}.Release|iPhoneSimulator.ActiveCfg = Release|Any CPU
		{B7B4C7A2-A5DD-4554-BD44-2A15E45C7F0D}.Release|iPhoneSimulator.Build.0 = Release|Any CPU
		{B7B4C7A2-A5DD-4554-BD44-2A15E45C7F0D}.Release|iPhoneSimulator.Deploy.0 = Release|Any CPU
		{B993150E-2C16-476A-BDF1-662038D1C40D}.Debug|Any CPU.ActiveCfg = Debug|iPhone
		{B993150E-2C16-476A-BDF1-662038D1C40D}.Debug|Any CPU.Build.0 = Debug|iPhone
		{B993150E-2C16-476A-BDF1-662038D1C40D}.Debug|Any CPU.Deploy.0 = Debug|iPhone
		{B993150E-2C16-476A-BDF1-662038D1C40D}.Debug|iPhone.ActiveCfg = Debug|iPhone
		{B993150E-2C16-476A-BDF1-662038D1C40D}.Debug|iPhone.Build.0 = Debug|iPhone
		{B993150E-2C16-476A-BDF1-662038D1C40D}.Debug|iPhone.Deploy.0 = Debug|iPhone
		{B993150E-2C16-476A-BDF1-662038D1C40D}.Debug|iPhoneSimulator.ActiveCfg = Debug|iPhoneSimulator
		{B993150E-2C16-476A-BDF1-662038D1C40D}.Debug|iPhoneSimulator.Build.0 = Debug|iPhoneSimulator
		{B993150E-2C16-476A-BDF1-662038D1C40D}.Debug|iPhoneSimulator.Deploy.0 = Debug|iPhoneSimulator
		{B993150E-2C16-476A-BDF1-662038D1C40D}.Release|Any CPU.ActiveCfg = Release|iPhoneSimulator
		{B993150E-2C16-476A-BDF1-662038D1C40D}.Release|Any CPU.Build.0 = Release|iPhoneSimulator
		{B993150E-2C16-476A-BDF1-662038D1C40D}.Release|Any CPU.Deploy.0 = Release|iPhoneSimulator
		{B993150E-2C16-476A-BDF1-662038D1C40D}.Release|iPhone.ActiveCfg = Release|iPhone
		{B993150E-2C16-476A-BDF1-662038D1C40D}.Release|iPhone.Build.0 = Release|iPhone
		{B993150E-2C16-476A-BDF1-662038D1C40D}.Release|iPhone.Deploy.0 = Release|iPhone
		{B993150E-2C16-476A-BDF1-662038D1C40D}.Release|iPhoneSimulator.ActiveCfg = Release|iPhoneSimulator
		{B993150E-2C16-476A-BDF1-662038D1C40D}.Release|iPhoneSimulator.Build.0 = Release|iPhoneSimulator
		{B993150E-2C16-476A-BDF1-662038D1C40D}.Release|iPhoneSimulator.Deploy.0 = Release|iPhoneSimulator
		{3DA0AF3D-02A0-4D19-9120-609ABE705F1E}.Debug|Any CPU.ActiveCfg = Debug|Any CPU
		{3DA0AF3D-02A0-4D19-9120-609ABE705F1E}.Debug|Any CPU.Build.0 = Debug|Any CPU
		{3DA0AF3D-02A0-4D19-9120-609ABE705F1E}.Debug|Any CPU.Deploy.0 = Debug|Any CPU
		{3DA0AF3D-02A0-4D19-9120-609ABE705F1E}.Debug|iPhone.ActiveCfg = Debug|Any CPU
		{3DA0AF3D-02A0-4D19-9120-609ABE705F1E}.Debug|iPhone.Build.0 = Debug|Any CPU
		{3DA0AF3D-02A0-4D19-9120-609ABE705F1E}.Debug|iPhone.Deploy.0 = Debug|Any CPU
		{3DA0AF3D-02A0-4D19-9120-609ABE705F1E}.Debug|iPhoneSimulator.ActiveCfg = Debug|Any CPU
		{3DA0AF3D-02A0-4D19-9120-609ABE705F1E}.Debug|iPhoneSimulator.Build.0 = Debug|Any CPU
		{3DA0AF3D-02A0-4D19-9120-609ABE705F1E}.Debug|iPhoneSimulator.Deploy.0 = Debug|Any CPU
		{3DA0AF3D-02A0-4D19-9120-609ABE705F1E}.Release|Any CPU.ActiveCfg = Release|Any CPU
		{3DA0AF3D-02A0-4D19-9120-609ABE705F1E}.Release|Any CPU.Build.0 = Release|Any CPU
		{3DA0AF3D-02A0-4D19-9120-609ABE705F1E}.Release|Any CPU.Deploy.0 = Release|Any CPU
		{3DA0AF3D-02A0-4D19-9120-609ABE705F1E}.Release|iPhone.ActiveCfg = Release|Any CPU
		{3DA0AF3D-02A0-4D19-9120-609ABE705F1E}.Release|iPhone.Build.0 = Release|Any CPU
		{3DA0AF3D-02A0-4D19-9120-609ABE705F1E}.Release|iPhone.Deploy.0 = Release|Any CPU
		{3DA0AF3D-02A0-4D19-9120-609ABE705F1E}.Release|iPhoneSimulator.ActiveCfg = Release|Any CPU
		{3DA0AF3D-02A0-4D19-9120-609ABE705F1E}.Release|iPhoneSimulator.Build.0 = Release|Any CPU
		{3DA0AF3D-02A0-4D19-9120-609ABE705F1E}.Release|iPhoneSimulator.Deploy.0 = Release|Any CPU
	EndGlobalSection
	GlobalSection(SolutionProperties) = preSolution
		HideSolutionNode = FALSE
	EndGlobalSection
	GlobalSection(ExtensibilityGlobals) = postSolution
		SolutionGuid = {4CA18184-93A6-4A38-8CAC-7BDFA4F4FE8F}
	EndGlobalSection
EndGlobal
